// !$*UTF8*$!
{
	archiveVersion = 1;
	classes = {
	};
	objectVersion = 56;
	objects = {

/* Begin PBXBuildFile section */
		A9C7985B2A49CECF0080CB73 /* IphonePhotographyApp.swift in Sources */ = {isa = PBXBuildFile; fileRef = A9C7985A2A49CECF0080CB73 /* IphonePhotographyApp.swift */; };
		A9C7985D2A49CECF0080CB73 /* ContentView.swift in Sources */ = {isa = PBXBuildFile; fileRef = A9C7985C2A49CECF0080CB73 /* ContentView.swift */; };
		A9C7985F2A49CED10080CB73 /* Assets.xcassets in Resources */ = {isa = PBXBuildFile; fileRef = A9C7985E2A49CED10080CB73 /* Assets.xcassets */; };
		A9C798622A49CED10080CB73 /* Preview Assets.xcassets in Resources */ = {isa = PBXBuildFile; fileRef = A9C798612A49CED10080CB73 /* Preview Assets.xcassets */; };
		A9C7986C2A49CED10080CB73 /* IphonePhotographyTests.swift in Sources */ = {isa = PBXBuildFile; fileRef = A9C7986B2A49CED10080CB73 /* IphonePhotographyTests.swift */; };
		A9C798762A49CED10080CB73 /* IphonePhotographyUITests.swift in Sources */ = {isa = PBXBuildFile; fileRef = A9C798752A49CED10080CB73 /* IphonePhotographyUITests.swift */; };
		A9C798782A49CED10080CB73 /* IphonePhotographyUITestsLaunchTests.swift in Sources */ = {isa = PBXBuildFile; fileRef = A9C798772A49CED10080CB73 /* IphonePhotographyUITestsLaunchTests.swift */; };
/* End PBXBuildFile section */

/* Begin PBXContainerItemProxy section */
		A9C798682A49CED10080CB73 /* PBXContainerItemProxy */ = {
			isa = PBXContainerItemProxy;
			containerPortal = A9C7984F2A49CECF0080CB73 /* Project object */;
			proxyType = 1;
			remoteGlobalIDString = A9C798562A49CECF0080CB73;
			remoteInfo = IphonePhotography;
		};
		A9C798722A49CED10080CB73 /* PBXContainerItemProxy */ = {
			isa = PBXContainerItemProxy;
			containerPortal = A9C7984F2A49CECF0080CB73 /* Project object */;
			proxyType = 1;
			remoteGlobalIDString = A9C798562A49CECF0080CB73;
			remoteInfo = IphonePhotography;
		};
/* End PBXContainerItemProxy section */

/* Begin PBXFileReference section */
		A9C798572A49CECF0080CB73 /* IphonePhotography.app */ = {isa = PBXFileReference; explicitFileType = wrapper.application; includeInIndex = 0; path = IphonePhotography.app; sourceTree = BUILT_PRODUCTS_DIR; };
		A9C7985A2A49CECF0080CB73 /* IphonePhotographyApp.swift */ = {isa = PBXFileReference; lastKnownFileType = sourcecode.swift; path = IphonePhotographyApp.swift; sourceTree = "<group>"; };
		A9C7985C2A49CECF0080CB73 /* ContentView.swift */ = {isa = PBXFileReference; lastKnownFileType = sourcecode.swift; path = ContentView.swift; sourceTree = "<group>"; };
		A9C7985E2A49CED10080CB73 /* Assets.xcassets */ = {isa = PBXFileReference; lastKnownFileType = folder.assetcatalog; path = Assets.xcassets; sourceTree = "<group>"; };
		A9C798612A49CED10080CB73 /* Preview Assets.xcassets */ = {isa = PBXFileReference; lastKnownFileType = folder.assetcatalog; path = "Preview Assets.xcassets"; sourceTree = "<group>"; };
		A9C798672A49CED10080CB73 /* IphonePhotographyTests.xctest */ = {isa = PBXFileReference; explicitFileType = wrapper.cfbundle; includeInIndex = 0; path = IphonePhotographyTests.xctest; sourceTree = BUILT_PRODUCTS_DIR; };
		A9C7986B2A49CED10080CB73 /* IphonePhotographyTests.swift */ = {isa = PBXFileReference; lastKnownFileType = sourcecode.swift; path = IphonePhotographyTests.swift; sourceTree = "<group>"; };
		A9C798712A49CED10080CB73 /* IphonePhotographyUITests.xctest */ = {isa = PBXFileReference; explicitFileType = wrapper.cfbundle; includeInIndex = 0; path = IphonePhotographyUITests.xctest; sourceTree = BUILT_PRODUCTS_DIR; };
		A9C798752A49CED10080CB73 /* IphonePhotographyUITests.swift */ = {isa = PBXFileReference; lastKnownFileType = sourcecode.swift; path = IphonePhotographyUITests.swift; sourceTree = "<group>"; };
		A9C798772A49CED10080CB73 /* IphonePhotographyUITestsLaunchTests.swift */ = {isa = PBXFileReference; lastKnownFileType = sourcecode.swift; path = IphonePhotographyUITestsLaunchTests.swift; sourceTree = "<group>"; };
/* End PBXFileReference section */

/* Begin PBXFrameworksBuildPhase section */
		A9C798542A49CECF0080CB73 /* Frameworks */ = {
			isa = PBXFrameworksBuildPhase;
			buildActionMask = 2147483647;
			files = (
			);
			runOnlyForDeploymentPostprocessing = 0;
		};
		A9C798642A49CED10080CB73 /* Frameworks */ = {
			isa = PBXFrameworksBuildPhase;
			buildActionMask = 2147483647;
			files = (
			);
			runOnlyForDeploymentPostprocessing = 0;
		};
		A9C7986E2A49CED10080CB73 /* Frameworks */ = {
			isa = PBXFrameworksBuildPhase;
			buildActionMask = 2147483647;
			files = (
			);
			runOnlyForDeploymentPostprocessing = 0;
		};
/* End PBXFrameworksBuildPhase section */

/* Begin PBXGroup section */
		A9C7984E2A49CECF0080CB73 = {
			isa = PBXGroup;
			children = (
				A9C798592A49CECF0080CB73 /* IphonePhotography */,
				A9C7986A2A49CED10080CB73 /* IphonePhotographyTests */,
				A9C798742A49CED10080CB73 /* IphonePhotographyUITests */,
				A9C798582A49CECF0080CB73 /* Products */,
			);
			sourceTree = "<group>";
		};
		A9C798582A49CECF0080CB73 /* Products */ = {
			isa = PBXGroup;
			children = (
				A9C798572A49CECF0080CB73 /* IphonePhotography.app */,
				A9C798672A49CED10080CB73 /* IphonePhotographyTests.xctest */,
				A9C798712A49CED10080CB73 /* IphonePhotographyUITests.xctest */,
			);
			name = Products;
			sourceTree = "<group>";
		};
		A9C798592A49CECF0080CB73 /* IphonePhotography */ = {
			isa = PBXGroup;
			children = (
				A9C7985A2A49CECF0080CB73 /* IphonePhotographyApp.swift */,
				A9C7985C2A49CECF0080CB73 /* ContentView.swift */,
				A9C7985E2A49CED10080CB73 /* Assets.xcassets */,
				A9C798602A49CED10080CB73 /* Preview Content */,
			);
			path = IphonePhotography;
			sourceTree = "<group>";
		};
		A9C798602A49CED10080CB73 /* Preview Content */ = {
			isa = PBXGroup;
			children = (
				A9C798612A49CED10080CB73 /* Preview Assets.xcassets */,
			);
			path = "Preview Content";
			sourceTree = "<group>";
		};
		A9C7986A2A49CED10080CB73 /* IphonePhotographyTests */ = {
			isa = PBXGroup;
			children = (
				A9C7986B2A49CED10080CB73 /* IphonePhotographyTests.swift */,
			);
			path = IphonePhotographyTests;
			sourceTree = "<group>";
		};
		A9C798742A49CED10080CB73 /* IphonePhotographyUITests */ = {
			isa = PBXGroup;
			children = (
				A9C798752A49CED10080CB73 /* IphonePhotographyUITests.swift */,
				A9C798772A49CED10080CB73 /* IphonePhotographyUITestsLaunchTests.swift */,
			);
			path = IphonePhotographyUITests;
			sourceTree = "<group>";
		};
/* End PBXGroup section */

/* Begin PBXNativeTarget section */
		A9C798562A49CECF0080CB73 /* IphonePhotography */ = {
			isa = PBXNativeTarget;
			buildConfigurationList = A9C7987B2A49CED10080CB73 /* Build configuration list for PBXNativeTarget "IphonePhotography" */;
			buildPhases = (
				A9C798532A49CECF0080CB73 /* Sources */,
				A9C798542A49CECF0080CB73 /* Frameworks */,
				A9C798552A49CECF0080CB73 /* Resources */,
			);
			buildRules = (
			);
			dependencies = (
			);
			name = IphonePhotography;
			productName = IphonePhotography;
			productReference = A9C798572A49CECF0080CB73 /* IphonePhotography.app */;
			productType = "com.apple.product-type.application";
		};
		A9C798662A49CED10080CB73 /* IphonePhotographyTests */ = {
			isa = PBXNativeTarget;
			buildConfigurationList = A9C7987E2A49CED10080CB73 /* Build configuration list for PBXNativeTarget "IphonePhotographyTests" */;
			buildPhases = (
				A9C798632A49CED10080CB73 /* Sources */,
				A9C798642A49CED10080CB73 /* Frameworks */,
				A9C798652A49CED10080CB73 /* Resources */,
			);
			buildRules = (
			);
			dependencies = (
				A9C798692A49CED10080CB73 /* PBXTargetDependency */,
			);
			name = IphonePhotographyTests;
			productName = IphonePhotographyTests;
			productReference = A9C798672A49CED10080CB73 /* IphonePhotographyTests.xctest */;
			productType = "com.apple.product-type.bundle.unit-test";
		};
		A9C798702A49CED10080CB73 /* IphonePhotographyUITests */ = {
			isa = PBXNativeTarget;
			buildConfigurationList = A9C798812A49CED10080CB73 /* Build configuration list for PBXNativeTarget "IphonePhotographyUITests" */;
			buildPhases = (
				A9C7986D2A49CED10080CB73 /* Sources */,
				A9C7986E2A49CED10080CB73 /* Frameworks */,
				A9C7986F2A49CED10080CB73 /* Resources */,
			);
			buildRules = (
			);
			dependencies = (
				A9C798732A49CED10080CB73 /* PBXTargetDependency */,
			);
			name = IphonePhotographyUITests;
			productName = IphonePhotographyUITests;
			productReference = A9C798712A49CED10080CB73 /* IphonePhotographyUITests.xctest */;
			productType = "com.apple.product-type.bundle.ui-testing";
		};
/* End PBXNativeTarget section */

/* Begin PBXProject section */
		A9C7984F2A49CECF0080CB73 /* Project object */ = {
			isa = PBXProject;
			attributes = {
				BuildIndependentTargetsInParallel = 1;
				LastSwiftUpdateCheck = 1420;
				LastUpgradeCheck = 1420;
				TargetAttributes = {
					A9C798562A49CECF0080CB73 = {
						CreatedOnToolsVersion = 14.2;
					};
					A9C798662A49CED10080CB73 = {
						CreatedOnToolsVersion = 14.2;
						TestTargetID = A9C798562A49CECF0080CB73;
					};
					A9C798702A49CED10080CB73 = {
						CreatedOnToolsVersion = 14.2;
						TestTargetID = A9C798562A49CECF0080CB73;
					};
				};
			};
			buildConfigurationList = A9C798522A49CECF0080CB73 /* Build configuration list for PBXProject "IphonePhotography" */;
			compatibilityVersion = "Xcode 14.0";
			developmentRegion = en;
			hasScannedForEncodings = 0;
			knownRegions = (
				en,
				Base,
			);
			mainGroup = A9C7984E2A49CECF0080CB73;
			productRefGroup = A9C798582A49CECF0080CB73 /* Products */;
			projectDirPath = "";
			projectRoot = "";
			targets = (
				A9C798562A49CECF0080CB73 /* IphonePhotography */,
				A9C798662A49CED10080CB73 /* IphonePhotographyTests */,
				A9C798702A49CED10080CB73 /* IphonePhotographyUITests */,
			);
		};
/* End PBXProject section */

/* Begin PBXResourcesBuildPhase section */
		A9C798552A49CECF0080CB73 /* Resources */ = {
			isa = PBXResourcesBuildPhase;
			buildActionMask = 2147483647;
			files = (
				A9C798622A49CED10080CB73 /* Preview Assets.xcassets in Resources */,
				A9C7985F2A49CED10080CB73 /* Assets.xcassets in Resources */,
			);
			runOnlyForDeploymentPostprocessing = 0;
		};
		A9C798652A49CED10080CB73 /* Resources */ = {
			isa = PBXResourcesBuildPhase;
			buildActionMask = 2147483647;
			files = (
			);
			runOnlyForDeploymentPostprocessing = 0;
		};
		A9C7986F2A49CED10080CB73 /* Resources */ = {
			isa = PBXResourcesBuildPhase;
			buildActionMask = 2147483647;
			files = (
			);
			runOnlyForDeploymentPostprocessing = 0;
		};
/* End PBXResourcesBuildPhase section */

/* Begin PBXSourcesBuildPhase section */
		A9C798532A49CECF0080CB73 /* Sources */ = {
			isa = PBXSourcesBuildPhase;
			buildActionMask = 2147483647;
			files = (
				A9C7985D2A49CECF0080CB73 /* ContentView.swift in Sources */,
				A9C7985B2A49CECF0080CB73 /* IphonePhotographyApp.swift in Sources */,
			);
			runOnlyForDeploymentPostprocessing = 0;
		};
		A9C798632A49CED10080CB73 /* Sources */ = {
			isa = PBXSourcesBuildPhase;
			buildActionMask = 2147483647;
			files = (
				A9C7986C2A49CED10080CB73 /* IphonePhotographyTests.swift in Sources */,
			);
			runOnlyForDeploymentPostprocessing = 0;
		};
		A9C7986D2A49CED10080CB73 /* Sources */ = {
			isa = PBXSourcesBuildPhase;
			buildActionMask = 2147483647;
			files = (
				A9C798762A49CED10080CB73 /* IphonePhotographyUITests.swift in Sources */,
				A9C798782A49CED10080CB73 /* IphonePhotographyUITestsLaunchTests.swift in Sources */,
			);
			runOnlyForDeploymentPostprocessing = 0;
		};
/* End PBXSourcesBuildPhase section */

/* Begin PBXTargetDependency section */
		A9C798692A49CED10080CB73 /* PBXTargetDependency */ = {
			isa = PBXTargetDependency;
			target = A9C798562A49CECF0080CB73 /* IphonePhotography */;
			targetProxy = A9C798682A49CED10080CB73 /* PBXContainerItemProxy */;
		};
		A9C798732A49CED10080CB73 /* PBXTargetDependency */ = {
			isa = PBXTargetDependency;
			target = A9C798562A49CECF0080CB73 /* IphonePhotography */;
			targetProxy = A9C798722A49CED10080CB73 /* PBXContainerItemProxy */;
		};
/* End PBXTargetDependency section */

/* Begin XCBuildConfiguration section */
		A9C798792A49CED10080CB73 /* Debug */ = {
			isa = XCBuildConfiguration;
			buildSettings = {
				ALWAYS_SEARCH_USER_PATHS = NO;
				CLANG_ANALYZER_NONNULL = YES;
				CLANG_ANALYZER_NUMBER_OBJECT_CONVERSION = YES_AGGRESSIVE;
				CLANG_CXX_LANGUAGE_STANDARD = "gnu++20";
				CLANG_ENABLE_MODULES = YES;
				CLANG_ENABLE_OBJC_ARC = YES;
				CLANG_ENABLE_OBJC_WEAK = YES;
				CLANG_WARN_BLOCK_CAPTURE_AUTORELEASING = YES;
				CLANG_WARN_BOOL_CONVERSION = YES;
				CLANG_WARN_COMMA = YES;
				CLANG_WARN_CONSTANT_CONVERSION = YES;
				CLANG_WARN_DEPRECATED_OBJC_IMPLEMENTATIONS = YES;
				CLANG_WARN_DIRECT_OBJC_ISA_USAGE = YES_ERROR;
				CLANG_WARN_DOCUMENTATION_COMMENTS = YES;
				CLANG_WARN_EMPTY_BODY = YES;
				CLANG_WARN_ENUM_CONVERSION = YES;
				CLANG_WARN_INFINITE_RECURSION = YES;
				CLANG_WARN_INT_CONVERSION = YES;
				CLANG_WARN_NON_LITERAL_NULL_CONVERSION = YES;
				CLANG_WARN_OBJC_IMPLICIT_RETAIN_SELF = YES;
				CLANG_WARN_OBJC_LITERAL_CONVERSION = YES;
				CLANG_WARN_OBJC_ROOT_CLASS = YES_ERROR;
				CLANG_WARN_QUOTED_INCLUDE_IN_FRAMEWORK_HEADER = YES;
				CLANG_WARN_RANGE_LOOP_ANALYSIS = YES;
				CLANG_WARN_STRICT_PROTOTYPES = YES;
				CLANG_WARN_SUSPICIOUS_MOVE = YES;
				CLANG_WARN_UNGUARDED_AVAILABILITY = YES_AGGRESSIVE;
				CLANG_WARN_UNREACHABLE_CODE = YES;
				CLANG_WARN__DUPLICATE_METHOD_MATCH = YES;
				COPY_PHASE_STRIP = NO;
				DEBUG_INFORMATION_FORMAT = dwarf;
				ENABLE_STRICT_OBJC_MSGSEND = YES;
				ENABLE_TESTABILITY = YES;
				GCC_C_LANGUAGE_STANDARD = gnu11;
				GCC_DYNAMIC_NO_PIC = NO;
				GCC_NO_COMMON_BLOCKS = YES;
				GCC_OPTIMIZATION_LEVEL = 0;
				GCC_PREPROCESSOR_DEFINITIONS = (
					"DEBUG=1",
					"$(inherited)",
				);
				GCC_WARN_64_TO_32_BIT_CONVERSION = YES;
				GCC_WARN_ABOUT_RETURN_TYPE = YES_ERROR;
				GCC_WARN_UNDECLARED_SELECTOR = YES;
				GCC_WARN_UNINITIALIZED_AUTOS = YES_AGGRESSIVE;
				GCC_WARN_UNUSED_FUNCTION = YES;
				GCC_WARN_UNUSED_VARIABLE = YES;
				IPHONEOS_DEPLOYMENT_TARGET = 16.2;
				MTL_ENABLE_DEBUG_INFO = INCLUDE_SOURCE;
				MTL_FAST_MATH = YES;
				ONLY_ACTIVE_ARCH = YES;
				SDKROOT = iphoneos;
				SWIFT_ACTIVE_COMPILATION_CONDITIONS = DEBUG;
				SWIFT_OPTIMIZATION_LEVEL = "-Onone";
			};
			name = Debug;
		};
		A9C7987A2A49CED10080CB73 /* Release */ = {
			isa = XCBuildConfiguration;
			buildSettings = {
				ALWAYS_SEARCH_USER_PATHS = NO;
				CLANG_ANALYZER_NONNULL = YES;
				CLANG_ANALYZER_NUMBER_OBJECT_CONVERSION = YES_AGGRESSIVE;
				CLANG_CXX_LANGUAGE_STANDARD = "gnu++20";
				CLANG_ENABLE_MODULES = YES;
				CLANG_ENABLE_OBJC_ARC = YES;
				CLANG_ENABLE_OBJC_WEAK = YES;
				CLANG_WARN_BLOCK_CAPTURE_AUTORELEASING = YES;
				CLANG_WARN_BOOL_CONVERSION = YES;
				CLANG_WARN_COMMA = YES;
				CLANG_WARN_CONSTANT_CONVERSION = YES;
				CLANG_WARN_DEPRECATED_OBJC_IMPLEMENTATIONS = YES;
				CLANG_WARN_DIRECT_OBJC_ISA_USAGE = YES_ERROR;
				CLANG_WARN_DOCUMENTATION_COMMENTS = YES;
				CLANG_WARN_EMPTY_BODY = YES;
				CLANG_WARN_ENUM_CONVERSION = YES;
				CLANG_WARN_INFINITE_RECURSION = YES;
				CLANG_WARN_INT_CONVERSION = YES;
				CLANG_WARN_NON_LITERAL_NULL_CONVERSION = YES;
				CLANG_WARN_OBJC_IMPLICIT_RETAIN_SELF = YES;
				CLANG_WARN_OBJC_LITERAL_CONVERSION = YES;
				CLANG_WARN_OBJC_ROOT_CLASS = YES_ERROR;
				CLANG_WARN_QUOTED_INCLUDE_IN_FRAMEWORK_HEADER = YES;
				CLANG_WARN_RANGE_LOOP_ANALYSIS = YES;
				CLANG_WARN_STRICT_PROTOTYPES = YES;
				CLANG_WARN_SUSPICIOUS_MOVE = YES;
				CLANG_WARN_UNGUARDED_AVAILABILITY = YES_AGGRESSIVE;
				CLANG_WARN_UNREACHABLE_CODE = YES;
				CLANG_WARN__DUPLICATE_METHOD_MATCH = YES;
				COPY_PHASE_STRIP = NO;
				DEBUG_INFORMATION_FORMAT = "dwarf-with-dsym";
				ENABLE_NS_ASSERTIONS = NO;
				ENABLE_STRICT_OBJC_MSGSEND = YES;
				GCC_C_LANGUAGE_STANDARD = gnu11;
				GCC_NO_COMMON_BLOCKS = YES;
				GCC_WARN_64_TO_32_BIT_CONVERSION = YES;
				GCC_WARN_ABOUT_RETURN_TYPE = YES_ERROR;
				GCC_WARN_UNDECLARED_SELECTOR = YES;
				GCC_WARN_UNINITIALIZED_AUTOS = YES_AGGRESSIVE;
				GCC_WARN_UNUSED_FUNCTION = YES;
				GCC_WARN_UNUSED_VARIABLE = YES;
				IPHONEOS_DEPLOYMENT_TARGET = 16.2;
				MTL_ENABLE_DEBUG_INFO = NO;
				MTL_FAST_MATH = YES;
				SDKROOT = iphoneos;
				SWIFT_COMPILATION_MODE = wholemodule;
				SWIFT_OPTIMIZATION_LEVEL = "-O";
				VALIDATE_PRODUCT = YES;
			};
			name = Release;
		};
		A9C7987C2A49CED10080CB73 /* Debug */ = {
			isa = XCBuildConfiguration;
			buildSettings = {
				ASSETCATALOG_COMPILER_APPICON_NAME = AppIcon;
				ASSETCATALOG_COMPILER_GLOBAL_ACCENT_COLOR_NAME = AccentColor;
				CODE_SIGN_STYLE = Automatic;
				CURRENT_PROJECT_VERSION = 1;
				DEVELOPMENT_ASSET_PATHS = "\"IphonePhotography/Preview Content\"";
				DEVELOPMENT_TEAM = R4YVF8268F;
				ENABLE_PREVIEWS = YES;
				GENERATE_INFOPLIST_FILE = YES;
				INFOPLIST_KEY_UIApplicationSceneManifest_Generation = YES;
				INFOPLIST_KEY_UIApplicationSupportsIndirectInputEvents = YES;
				INFOPLIST_KEY_UILaunchScreen_Generation = YES;
				INFOPLIST_KEY_UISupportedInterfaceOrientations_iPad = "UIInterfaceOrientationPortrait UIInterfaceOrientationPortraitUpsideDown UIInterfaceOrientationLandscapeLeft UIInterfaceOrientationLandscapeRight";
				INFOPLIST_KEY_UISupportedInterfaceOrientations_iPhone = "UIInterfaceOrientationPortrait UIInterfaceOrientationLandscapeLeft UIInterfaceOrientationLandscapeRight";
				LD_RUNPATH_SEARCH_PATHS = (
					"$(inherited)",
					"@executable_path/Frameworks",
				);
				MARKETING_VERSION = 1.0;
				PRODUCT_BUNDLE_IDENTIFIER = kg.bakai.dev.IphonePhotography;
				PRODUCT_NAME = "$(TARGET_NAME)";
				SWIFT_EMIT_LOC_STRINGS = YES;
				SWIFT_VERSION = 5.0;
				TARGETED_DEVICE_FAMILY = "1,2";
			};
			name = Debug;
		};
		A9C7987D2A49CED10080CB73 /* Release */ = {
			isa = XCBuildConfiguration;
			buildSettings = {
				ASSETCATALOG_COMPILER_APPICON_NAME = AppIcon;
				ASSETCATALOG_COMPILER_GLOBAL_ACCENT_COLOR_NAME = AccentColor;
				CODE_SIGN_STYLE = Automatic;
				CURRENT_PROJECT_VERSION = 1;
				DEVELOPMENT_ASSET_PATHS = "\"IphonePhotography/Preview Content\"";
				DEVELOPMENT_TEAM = R4YVF8268F;
				ENABLE_PREVIEWS = YES;
				GENERATE_INFOPLIST_FILE = YES;
				INFOPLIST_KEY_UIApplicationSceneManifest_Generation = YES;
				INFOPLIST_KEY_UIApplicationSupportsIndirectInputEvents = YES;
				INFOPLIST_KEY_UILaunchScreen_Generation = YES;
				INFOPLIST_KEY_UISupportedInterfaceOrientations_iPad = "UIInterfaceOrientationPortrait UIInterfaceOrientationPortraitUpsideDown UIInterfaceOrientationLandscapeLeft UIInterfaceOrientationLandscapeRight";
				INFOPLIST_KEY_UISupportedInterfaceOrientations_iPhone = "UIInterfaceOrientationPortrait UIInterfaceOrientationLandscapeLeft UIInterfaceOrientationLandscapeRight";
				LD_RUNPATH_SEARCH_PATHS = (
					"$(inherited)",
					"@executable_path/Frameworks",
				);
				MARKETING_VERSION = 1.0;
				PRODUCT_BUNDLE_IDENTIFIER = kg.bakai.dev.IphonePhotography;
				PRODUCT_NAME = "$(TARGET_NAME)";
				SWIFT_EMIT_LOC_STRINGS = YES;
				SWIFT_VERSION = 5.0;
				TARGETED_DEVICE_FAMILY = "1,2";
			};
			name = Release;
		};
		A9C7987F2A49CED10080CB73 /* Debug */ = {
			isa = XCBuildConfiguration;
			buildSettings = {
				ALWAYS_EMBED_SWIFT_STANDARD_LIBRARIES = YES;
				BUNDLE_LOADER = "$(TEST_HOST)";
				CODE_SIGN_STYLE = Automatic;
				CURRENT_PROJECT_VERSION = 1;
				DEVELOPMENT_TEAM = R4YVF8268F;
				GENERATE_INFOPLIST_FILE = YES;
				IPHONEOS_DEPLOYMENT_TARGET = 16.2;
				MARKETING_VERSION = 1.0;
				PRODUCT_BUNDLE_IDENTIFIER = kg.bakai.dev.IphonePhotographyTests;
				PRODUCT_NAME = "$(TARGET_NAME)";
				SWIFT_EMIT_LOC_STRINGS = NO;
				SWIFT_VERSION = 5.0;
				TARGETED_DEVICE_FAMILY = "1,2";
				TEST_HOST = "$(BUILT_PRODUCTS_DIR)/IphonePhotography.app/$(BUNDLE_EXECUTABLE_FOLDER_PATH)/IphonePhotography";
			};
			name = Debug;
		};
		A9C798802A49CED10080CB73 /* Release */ = {
			isa = XCBuildConfiguration;
			buildSettings = {
				ALWAYS_EMBED_SWIFT_STANDARD_LIBRARIES = YES;
				BUNDLE_LOADER = "$(TEST_HOST)";
				CODE_SIGN_STYLE = Automatic;
				CURRENT_PROJECT_VERSION = 1;
				DEVELOPMENT_TEAM = R4YVF8268F;
				GENERATE_INFOPLIST_FILE = YES;
				IPHONEOS_DEPLOYMENT_TARGET = 16.2;
				MARKETING_VERSION = 1.0;
				PRODUCT_BUNDLE_IDENTIFIER = kg.bakai.dev.IphonePhotographyTests;
				PRODUCT_NAME = "$(TARGET_NAME)";
				SWIFT_EMIT_LOC_STRINGS = NO;
				SWIFT_VERSION = 5.0;
				TARGETED_DEVICE_FAMILY = "1,2";
				TEST_HOST = "$(BUILT_PRODUCTS_DIR)/IphonePhotography.app/$(BUNDLE_EXECUTABLE_FOLDER_PATH)/IphonePhotography";
			};
			name = Release;
		};
		A9C798822A49CED10080CB73 /* Debug */ = {
			isa = XCBuildConfiguration;
			buildSettings = {
				ALWAYS_EMBED_SWIFT_STANDARD_LIBRARIES = YES;
				CODE_SIGN_STYLE = Automatic;
				CURRENT_PROJECT_VERSION = 1;
				DEVELOPMENT_TEAM = R4YVF8268F;
				GENERATE_INFOPLIST_FILE = YES;
				MARKETING_VERSION = 1.0;
				PRODUCT_BUNDLE_IDENTIFIER = kg.bakai.dev.IphonePhotographyUITests;
				PRODUCT_NAME = "$(TARGET_NAME)";
				SWIFT_EMIT_LOC_STRINGS = NO;
				SWIFT_VERSION = 5.0;
				TARGETED_DEVICE_FAMILY = "1,2";
				TEST_TARGET_NAME = IphonePhotography;
			};
			name = Debug;
		};
		A9C798832A49CED10080CB73 /* Release */ = {
			isa = XCBuildConfiguration;
			buildSettings = {
				ALWAYS_EMBED_SWIFT_STANDARD_LIBRARIES = YES;
				CODE_SIGN_STYLE = Automatic;
				CURRENT_PROJECT_VERSION = 1;
				DEVELOPMENT_TEAM = R4YVF8268F;
				GENERATE_INFOPLIST_FILE = YES;
				MARKETING_VERSION = 1.0;
				PRODUCT_BUNDLE_IDENTIFIER = kg.bakai.dev.IphonePhotographyUITests;
				PRODUCT_NAME = "$(TARGET_NAME)";
				SWIFT_EMIT_LOC_STRINGS = NO;
				SWIFT_VERSION = 5.0;
				TARGETED_DEVICE_FAMILY = "1,2";
				TEST_TARGET_NAME = IphonePhotography;
			};
			name = Release;
		};
/* End XCBuildConfiguration section */

/* Begin XCConfigurationList section */
		A9C798522A49CECF0080CB73 /* Build configuration list for PBXProject "IphonePhotography" */ = {
			isa = XCConfigurationList;
			buildConfigurations = (
				A9C798792A49CED10080CB73 /* Debug */,
				A9C7987A2A49CED10080CB73 /* Release */,
			);
			defaultConfigurationIsVisible = 0;
			defaultConfigurationName = Release;
		};
		A9C7987B2A49CED10080CB73 /* Build configuration list for PBXNativeTarget "IphonePhotography" */ = {
			isa = XCConfigurationList;
			buildConfigurations = (
				A9C7987C2A49CED10080CB73 /* Debug */,
				A9C7987D2A49CED10080CB73 /* Release */,
			);
			defaultConfigurationIsVisible = 0;
			defaultConfigurationName = Release;
		};
		A9C7987E2A49CED10080CB73 /* Build configuration list for PBXNativeTarget "IphonePhotographyTests" */ = {
			isa = XCConfigurationList;
			buildConfigurations = (
				A9C7987F2A49CED10080CB73 /* Debug */,
				A9C798802A49CED10080CB73 /* Release */,
			);
			defaultConfigurationIsVisible = 0;
			defaultConfigurationName = Release;
		};
		A9C798812A49CED10080CB73 /* Build configuration list for PBXNativeTarget "IphonePhotographyUITests" */ = {
			isa = XCConfigurationList;
			buildConfigurations = (
				A9C798822A49CED10080CB73 /* Debug */,
				A9C798832A49CED10080CB73 /* Release */,
			);
			defaultConfigurationIsVisible = 0;
			defaultConfigurationName = Release;
		};
/* End XCConfigurationList section */
	};
	rootObject = A9C7984F2A49CECF0080CB73 /* Project object */;
}
