// !$*UTF8*$!
{
	archiveVersion = 1;
	classes = {
	};
	objectVersion = 56;
	objects = {

/* Begin PBXBuildFile section */
		13B91BF67DFB055825FF907B /* Pods_IphonePhotography_IphonePhotographyUITests.framework in Frameworks */ = {isa = PBXBuildFile; fileRef = 850C8B20C265681BE375C7D7 /* Pods_IphonePhotography_IphonePhotographyUITests.framework */; };
		66285A72227F78595D6527DF /* Pods_IphonePhotography.framework in Frameworks */ = {isa = PBXBuildFile; fileRef = 13A576792E9DD776B28AABF5 /* Pods_IphonePhotography.framework */; };
		A9074A5B2A90B25D0068749E /* BottomSheet.swift in Sources */ = {isa = PBXBuildFile; fileRef = A9074A5A2A90B25D0068749E /* BottomSheet.swift */; };
		A9074A5D2A90B2B10068749E /* CustomBottomSheet.swift in Sources */ = {isa = PBXBuildFile; fileRef = A9074A5C2A90B2B10068749E /* CustomBottomSheet.swift */; };
		A9074A5F2A90B3030068749E /* DisableSwipeBackView.swift in Sources */ = {isa = PBXBuildFile; fileRef = A9074A5E2A90B3030068749E /* DisableSwipeBackView.swift */; };
		A9074A612A90B35B0068749E /* AppSizes.swift in Sources */ = {isa = PBXBuildFile; fileRef = A9074A602A90B35B0068749E /* AppSizes.swift */; };
		A9074A632A90B4650068749E /* AppPadding.swift in Sources */ = {isa = PBXBuildFile; fileRef = A9074A622A90B4650068749E /* AppPadding.swift */; };
		A9074A652A90B5730068749E /* CornerRadius+Extension.swift in Sources */ = {isa = PBXBuildFile; fileRef = A9074A642A90B5730068749E /* CornerRadius+Extension.swift */; };
		A96B1F292A6E2A5600514D5B /* Download.swift in Sources */ = {isa = PBXBuildFile; fileRef = A96B1F282A6E2A5600514D5B /* Download.swift */; };
		A9AD81742A62DE2D00E845F4 /* LessonsListView.swift in Sources */ = {isa = PBXBuildFile; fileRef = A9AD81732A62DE2D00E845F4 /* LessonsListView.swift */; };
		A9AD81772A630E9700E845F4 /* LessonsModel.swift in Sources */ = {isa = PBXBuildFile; fileRef = A9AD81762A630E9700E845F4 /* LessonsModel.swift */; };
		A9AD817A2A630ECA00E845F4 /* LessonsEndpoint.swift in Sources */ = {isa = PBXBuildFile; fileRef = A9AD81792A630ECA00E845F4 /* LessonsEndpoint.swift */; };
		A9AD817D2A63103B00E845F4 /* APIError.swift in Sources */ = {isa = PBXBuildFile; fileRef = A9AD817C2A63103B00E845F4 /* APIError.swift */; };
		A9AD81802A63113E00E845F4 /* LessonsService.swift in Sources */ = {isa = PBXBuildFile; fileRef = A9AD817F2A63113E00E845F4 /* LessonsService.swift */; };
		A9AD81832A6316E300E845F4 /* ResultState.swift in Sources */ = {isa = PBXBuildFile; fileRef = A9AD81822A6316E300E845F4 /* ResultState.swift */; };
		A9AD81862A63173100E845F4 /* LessonsViewModel.swift in Sources */ = {isa = PBXBuildFile; fileRef = A9AD81852A63173100E845F4 /* LessonsViewModel.swift */; };
		A9B390F42A66381600DA8B23 /* Toolbar.swift in Sources */ = {isa = PBXBuildFile; fileRef = A9B390F32A66381600DA8B23 /* Toolbar.swift */; };
		A9BF0C8A2A63F380008F584C /* ImagePlaceholder.swift in Sources */ = {isa = PBXBuildFile; fileRef = A9BF0C892A63F380008F584C /* ImagePlaceholder.swift */; };
		A9BF0C8D2A64DF75008F584C /* LessonDetailsViewController.swift in Sources */ = {isa = PBXBuildFile; fileRef = A9BF0C8C2A64DF75008F584C /* LessonDetailsViewController.swift */; };
		A9BF0C8F2A64E341008F584C /* LessonDetailsViewControllerRepresentable.swift in Sources */ = {isa = PBXBuildFile; fileRef = A9BF0C8E2A64E341008F584C /* LessonDetailsViewControllerRepresentable.swift */; };
		A9C7985B2A49CECF0080CB73 /* App.swift in Sources */ = {isa = PBXBuildFile; fileRef = A9C7985A2A49CECF0080CB73 /* App.swift */; };
		A9C7985D2A49CECF0080CB73 /* LessonsScreen.swift in Sources */ = {isa = PBXBuildFile; fileRef = A9C7985C2A49CECF0080CB73 /* LessonsScreen.swift */; };
		A9C7985F2A49CED10080CB73 /* Assets.xcassets in Resources */ = {isa = PBXBuildFile; fileRef = A9C7985E2A49CED10080CB73 /* Assets.xcassets */; };
		A9C798622A49CED10080CB73 /* Preview Assets.xcassets in Resources */ = {isa = PBXBuildFile; fileRef = A9C798612A49CED10080CB73 /* Preview Assets.xcassets */; };
		A9C7986C2A49CED10080CB73 /* IphonePhotographyTests.swift in Sources */ = {isa = PBXBuildFile; fileRef = A9C7986B2A49CED10080CB73 /* IphonePhotographyTests.swift */; };
		A9C798762A49CED10080CB73 /* IphonePhotographyUITests.swift in Sources */ = {isa = PBXBuildFile; fileRef = A9C798752A49CED10080CB73 /* IphonePhotographyUITests.swift */; };
		A9C798782A49CED10080CB73 /* IphonePhotographyUITestsLaunchTests.swift in Sources */ = {isa = PBXBuildFile; fileRef = A9C798772A49CED10080CB73 /* IphonePhotographyUITestsLaunchTests.swift */; };
		A9E193F22A892F640062EBEC /* RedBottomSheet.swift in Sources */ = {isa = PBXBuildFile; fileRef = A9E193F12A892F640062EBEC /* RedBottomSheet.swift */; };
		A9E193F42A8931490062EBEC /* PrimaryButton.swift in Sources */ = {isa = PBXBuildFile; fileRef = A9E193F32A8931480062EBEC /* PrimaryButton.swift */; };
		A9E193F62A8931B00062EBEC /* PrimaryColor.swift in Sources */ = {isa = PBXBuildFile; fileRef = A9E193F52A8931B00062EBEC /* PrimaryColor.swift */; };
		A9E193F82A8931E10062EBEC /* FontSize.swift in Sources */ = {isa = PBXBuildFile; fileRef = A9E193F72A8931E10062EBEC /* FontSize.swift */; };
		A9E193FA2A89336A0062EBEC /* CornerRadius.swift in Sources */ = {isa = PBXBuildFile; fileRef = A9E193F92A89336A0062EBEC /* CornerRadius.swift */; };
		F36C1C348532BE817FDAA95B /* Pods_IphonePhotographyTests.framework in Frameworks */ = {isa = PBXBuildFile; fileRef = 88CB3B93DC1F05F7D252D727 /* Pods_IphonePhotographyTests.framework */; };
/* End PBXBuildFile section */

/* Begin PBXContainerItemProxy section */
		A9C798682A49CED10080CB73 /* PBXContainerItemProxy */ = {
			isa = PBXContainerItemProxy;
			containerPortal = A9C7984F2A49CECF0080CB73 /* Project object */;
			proxyType = 1;
			remoteGlobalIDString = A9C798562A49CECF0080CB73;
			remoteInfo = IphonePhotography;
		};
		A9C798722A49CED10080CB73 /* PBXContainerItemProxy */ = {
			isa = PBXContainerItemProxy;
			containerPortal = A9C7984F2A49CECF0080CB73 /* Project object */;
			proxyType = 1;
			remoteGlobalIDString = A9C798562A49CECF0080CB73;
			remoteInfo = IphonePhotography;
		};
/* End PBXContainerItemProxy section */

/* Begin PBXFileReference section */
		13A576792E9DD776B28AABF5 /* Pods_IphonePhotography.framework */ = {isa = PBXFileReference; explicitFileType = wrapper.framework; includeInIndex = 0; path = Pods_IphonePhotography.framework; sourceTree = BUILT_PRODUCTS_DIR; };
		1A0BD2C35939ED2A2AD33992 /* Pods-IphonePhotographyTests.release.xcconfig */ = {isa = PBXFileReference; includeInIndex = 1; lastKnownFileType = text.xcconfig; name = "Pods-IphonePhotographyTests.release.xcconfig"; path = "Target Support Files/Pods-IphonePhotographyTests/Pods-IphonePhotographyTests.release.xcconfig"; sourceTree = "<group>"; };
		2F4E9B5E29DE0CD40EC3B89B /* Pods-IphonePhotography-IphonePhotographyUITests.release.xcconfig */ = {isa = PBXFileReference; includeInIndex = 1; lastKnownFileType = text.xcconfig; name = "Pods-IphonePhotography-IphonePhotographyUITests.release.xcconfig"; path = "Target Support Files/Pods-IphonePhotography-IphonePhotographyUITests/Pods-IphonePhotography-IphonePhotographyUITests.release.xcconfig"; sourceTree = "<group>"; };
		59985F22BAC7E9F9D57DA684 /* Pods-IphonePhotographyTests.debug.xcconfig */ = {isa = PBXFileReference; includeInIndex = 1; lastKnownFileType = text.xcconfig; name = "Pods-IphonePhotographyTests.debug.xcconfig"; path = "Target Support Files/Pods-IphonePhotographyTests/Pods-IphonePhotographyTests.debug.xcconfig"; sourceTree = "<group>"; };
		751A42C5B22F8E0E2AF3CF8D /* Pods-IphonePhotography-IphonePhotographyUITests.debug.xcconfig */ = {isa = PBXFileReference; includeInIndex = 1; lastKnownFileType = text.xcconfig; name = "Pods-IphonePhotography-IphonePhotographyUITests.debug.xcconfig"; path = "Target Support Files/Pods-IphonePhotography-IphonePhotographyUITests/Pods-IphonePhotography-IphonePhotographyUITests.debug.xcconfig"; sourceTree = "<group>"; };
		850C8B20C265681BE375C7D7 /* Pods_IphonePhotography_IphonePhotographyUITests.framework */ = {isa = PBXFileReference; explicitFileType = wrapper.framework; includeInIndex = 0; path = Pods_IphonePhotography_IphonePhotographyUITests.framework; sourceTree = BUILT_PRODUCTS_DIR; };
		88CB3B93DC1F05F7D252D727 /* Pods_IphonePhotographyTests.framework */ = {isa = PBXFileReference; explicitFileType = wrapper.framework; includeInIndex = 0; path = Pods_IphonePhotographyTests.framework; sourceTree = BUILT_PRODUCTS_DIR; };
		A9074A5A2A90B25D0068749E /* BottomSheet.swift */ = {isa = PBXFileReference; lastKnownFileType = sourcecode.swift; path = BottomSheet.swift; sourceTree = "<group>"; };
		A9074A5C2A90B2B10068749E /* CustomBottomSheet.swift */ = {isa = PBXFileReference; lastKnownFileType = sourcecode.swift; path = CustomBottomSheet.swift; sourceTree = "<group>"; };
		A9074A5E2A90B3030068749E /* DisableSwipeBackView.swift */ = {isa = PBXFileReference; lastKnownFileType = sourcecode.swift; path = DisableSwipeBackView.swift; sourceTree = "<group>"; };
		A9074A602A90B35B0068749E /* AppSizes.swift */ = {isa = PBXFileReference; lastKnownFileType = sourcecode.swift; path = AppSizes.swift; sourceTree = "<group>"; };
		A9074A622A90B4650068749E /* AppPadding.swift */ = {isa = PBXFileReference; lastKnownFileType = sourcecode.swift; path = AppPadding.swift; sourceTree = "<group>"; };
		A9074A642A90B5730068749E /* CornerRadius+Extension.swift */ = {isa = PBXFileReference; lastKnownFileType = sourcecode.swift; path = "CornerRadius+Extension.swift"; sourceTree = "<group>"; };
		A96B1F282A6E2A5600514D5B /* Download.swift */ = {isa = PBXFileReference; lastKnownFileType = sourcecode.swift; path = Download.swift; sourceTree = "<group>"; };
		A9AD81732A62DE2D00E845F4 /* LessonsListView.swift */ = {isa = PBXFileReference; lastKnownFileType = sourcecode.swift; path = LessonsListView.swift; sourceTree = "<group>"; };
		A9AD81762A630E9700E845F4 /* LessonsModel.swift */ = {isa = PBXFileReference; lastKnownFileType = sourcecode.swift; path = LessonsModel.swift; sourceTree = "<group>"; };
		A9AD81792A630ECA00E845F4 /* LessonsEndpoint.swift */ = {isa = PBXFileReference; lastKnownFileType = sourcecode.swift; path = LessonsEndpoint.swift; sourceTree = "<group>"; };
		A9AD817C2A63103B00E845F4 /* APIError.swift */ = {isa = PBXFileReference; lastKnownFileType = sourcecode.swift; path = APIError.swift; sourceTree = "<group>"; };
		A9AD817F2A63113E00E845F4 /* LessonsService.swift */ = {isa = PBXFileReference; lastKnownFileType = sourcecode.swift; path = LessonsService.swift; sourceTree = "<group>"; };
		A9AD81822A6316E300E845F4 /* ResultState.swift */ = {isa = PBXFileReference; lastKnownFileType = sourcecode.swift; path = ResultState.swift; sourceTree = "<group>"; };
		A9AD81852A63173100E845F4 /* LessonsViewModel.swift */ = {isa = PBXFileReference; lastKnownFileType = sourcecode.swift; path = LessonsViewModel.swift; sourceTree = "<group>"; };
		A9B390F32A66381600DA8B23 /* Toolbar.swift */ = {isa = PBXFileReference; lastKnownFileType = sourcecode.swift; path = Toolbar.swift; sourceTree = "<group>"; };
		A9BF0C892A63F380008F584C /* ImagePlaceholder.swift */ = {isa = PBXFileReference; lastKnownFileType = sourcecode.swift; path = ImagePlaceholder.swift; sourceTree = "<group>"; };
		A9BF0C8C2A64DF75008F584C /* LessonDetailsViewController.swift */ = {isa = PBXFileReference; lastKnownFileType = sourcecode.swift; path = LessonDetailsViewController.swift; sourceTree = "<group>"; };
		A9BF0C8E2A64E341008F584C /* LessonDetailsViewControllerRepresentable.swift */ = {isa = PBXFileReference; lastKnownFileType = sourcecode.swift; path = LessonDetailsViewControllerRepresentable.swift; sourceTree = "<group>"; };
		A9C798572A49CECF0080CB73 /* IphonePhotography.app */ = {isa = PBXFileReference; explicitFileType = wrapper.application; includeInIndex = 0; path = IphonePhotography.app; sourceTree = BUILT_PRODUCTS_DIR; };
		A9C7985A2A49CECF0080CB73 /* App.swift */ = {isa = PBXFileReference; lastKnownFileType = sourcecode.swift; path = App.swift; sourceTree = "<group>"; };
		A9C7985C2A49CECF0080CB73 /* LessonsScreen.swift */ = {isa = PBXFileReference; lastKnownFileType = sourcecode.swift; path = LessonsScreen.swift; sourceTree = "<group>"; };
		A9C7985E2A49CED10080CB73 /* Assets.xcassets */ = {isa = PBXFileReference; lastKnownFileType = folder.assetcatalog; path = Assets.xcassets; sourceTree = "<group>"; };
		A9C798612A49CED10080CB73 /* Preview Assets.xcassets */ = {isa = PBXFileReference; lastKnownFileType = folder.assetcatalog; path = "Preview Assets.xcassets"; sourceTree = "<group>"; };
		A9C798672A49CED10080CB73 /* IphonePhotographyTests.xctest */ = {isa = PBXFileReference; explicitFileType = wrapper.cfbundle; includeInIndex = 0; path = IphonePhotographyTests.xctest; sourceTree = BUILT_PRODUCTS_DIR; };
		A9C7986B2A49CED10080CB73 /* IphonePhotographyTests.swift */ = {isa = PBXFileReference; lastKnownFileType = sourcecode.swift; path = IphonePhotographyTests.swift; sourceTree = "<group>"; };
		A9C798712A49CED10080CB73 /* IphonePhotographyUITests.xctest */ = {isa = PBXFileReference; explicitFileType = wrapper.cfbundle; includeInIndex = 0; path = IphonePhotographyUITests.xctest; sourceTree = BUILT_PRODUCTS_DIR; };
		A9C798752A49CED10080CB73 /* IphonePhotographyUITests.swift */ = {isa = PBXFileReference; lastKnownFileType = sourcecode.swift; path = IphonePhotographyUITests.swift; sourceTree = "<group>"; };
		A9C798772A49CED10080CB73 /* IphonePhotographyUITestsLaunchTests.swift */ = {isa = PBXFileReference; lastKnownFileType = sourcecode.swift; path = IphonePhotographyUITestsLaunchTests.swift; sourceTree = "<group>"; };
		A9E193F12A892F640062EBEC /* RedBottomSheet.swift */ = {isa = PBXFileReference; lastKnownFileType = sourcecode.swift; path = RedBottomSheet.swift; sourceTree = "<group>"; };
		A9E193F32A8931480062EBEC /* PrimaryButton.swift */ = {isa = PBXFileReference; lastKnownFileType = sourcecode.swift; path = PrimaryButton.swift; sourceTree = "<group>"; };
		A9E193F52A8931B00062EBEC /* PrimaryColor.swift */ = {isa = PBXFileReference; lastKnownFileType = sourcecode.swift; path = PrimaryColor.swift; sourceTree = "<group>"; };
		A9E193F72A8931E10062EBEC /* FontSize.swift */ = {isa = PBXFileReference; lastKnownFileType = sourcecode.swift; path = FontSize.swift; sourceTree = "<group>"; };
		A9E193F92A89336A0062EBEC /* CornerRadius.swift */ = {isa = PBXFileReference; lastKnownFileType = sourcecode.swift; path = CornerRadius.swift; sourceTree = "<group>"; };
		A9EDAE8E19F595F8FD52E658 /* Pods-IphonePhotography.debug.xcconfig */ = {isa = PBXFileReference; includeInIndex = 1; lastKnownFileType = text.xcconfig; name = "Pods-IphonePhotography.debug.xcconfig"; path = "Target Support Files/Pods-IphonePhotography/Pods-IphonePhotography.debug.xcconfig"; sourceTree = "<group>"; };
		C93033EDE32564E7C52A598B /* Pods-IphonePhotography.release.xcconfig */ = {isa = PBXFileReference; includeInIndex = 1; lastKnownFileType = text.xcconfig; name = "Pods-IphonePhotography.release.xcconfig"; path = "Target Support Files/Pods-IphonePhotography/Pods-IphonePhotography.release.xcconfig"; sourceTree = "<group>"; };
/* End PBXFileReference section */

/* Begin PBXFrameworksBuildPhase section */
		A9C798542A49CECF0080CB73 /* Frameworks */ = {
			isa = PBXFrameworksBuildPhase;
			buildActionMask = 2147483647;
			files = (
				66285A72227F78595D6527DF /* Pods_IphonePhotography.framework in Frameworks */,
			);
			runOnlyForDeploymentPostprocessing = 0;
		};
		A9C798642A49CED10080CB73 /* Frameworks */ = {
			isa = PBXFrameworksBuildPhase;
			buildActionMask = 2147483647;
			files = (
				F36C1C348532BE817FDAA95B /* Pods_IphonePhotographyTests.framework in Frameworks */,
			);
			runOnlyForDeploymentPostprocessing = 0;
		};
		A9C7986E2A49CED10080CB73 /* Frameworks */ = {
			isa = PBXFrameworksBuildPhase;
			buildActionMask = 2147483647;
			files = (
				13B91BF67DFB055825FF907B /* Pods_IphonePhotography_IphonePhotographyUITests.framework in Frameworks */,
			);
			runOnlyForDeploymentPostprocessing = 0;
		};
/* End PBXFrameworksBuildPhase section */

/* Begin PBXGroup section */
		72EFFC8E7EAAFBF35BA5DCE1 /* Pods */ = {
			isa = PBXGroup;
			children = (
				A9EDAE8E19F595F8FD52E658 /* Pods-IphonePhotography.debug.xcconfig */,
				C93033EDE32564E7C52A598B /* Pods-IphonePhotography.release.xcconfig */,
				751A42C5B22F8E0E2AF3CF8D /* Pods-IphonePhotography-IphonePhotographyUITests.debug.xcconfig */,
				2F4E9B5E29DE0CD40EC3B89B /* Pods-IphonePhotography-IphonePhotographyUITests.release.xcconfig */,
				59985F22BAC7E9F9D57DA684 /* Pods-IphonePhotographyTests.debug.xcconfig */,
				1A0BD2C35939ED2A2AD33992 /* Pods-IphonePhotographyTests.release.xcconfig */,
			);
			path = Pods;
			sourceTree = "<group>";
		};
		A9AD81722A62DD6400E845F4 /* Screens */ = {
			isa = PBXGroup;
			children = (
				A9B390F22A66380200DA8B23 /* DesignSystem */,
				A9BF0C872A63F353008F584C /* LessonScreen */,
				A9BF0C8B2A64DF58008F584C /* LessonDetailsScreen  */,
			);
			path = Screens;
			sourceTree = "<group>";
		};
		A9AD81752A630E7900E845F4 /* Models */ = {
			isa = PBXGroup;
			children = (
				A9AD81762A630E9700E845F4 /* LessonsModel.swift */,
			);
			path = Models;
			sourceTree = "<group>";
		};
		A9AD81782A630EB900E845F4 /* EndPoint */ = {
			isa = PBXGroup;
			children = (
				A9AD81792A630ECA00E845F4 /* LessonsEndpoint.swift */,
			);
			path = EndPoint;
			sourceTree = "<group>";
		};
		A9AD817B2A63103000E845F4 /* Error */ = {
			isa = PBXGroup;
			children = (
				A9AD817C2A63103B00E845F4 /* APIError.swift */,
			);
			path = Error;
			sourceTree = "<group>";
		};
		A9AD817E2A63113200E845F4 /* Service */ = {
			isa = PBXGroup;
			children = (
				A9AD817F2A63113E00E845F4 /* LessonsService.swift */,
			);
			path = Service;
			sourceTree = "<group>";
		};
		A9AD81812A6316D800E845F4 /* States */ = {
			isa = PBXGroup;
			children = (
				A9AD81822A6316E300E845F4 /* ResultState.swift */,
			);
			path = States;
			sourceTree = "<group>";
		};
		A9B390F22A66380200DA8B23 /* DesignSystem */ = {
			isa = PBXGroup;
			children = (
				A9B390F32A66381600DA8B23 /* Toolbar.swift */,
				A9E193F12A892F640062EBEC /* RedBottomSheet.swift */,
				A9E193F32A8931480062EBEC /* PrimaryButton.swift */,
				A9074A5A2A90B25D0068749E /* BottomSheet.swift */,
				A9074A5C2A90B2B10068749E /* CustomBottomSheet.swift */,
				A9074A5E2A90B3030068749E /* DisableSwipeBackView.swift */,
			);
			path = DesignSystem;
			sourceTree = "<group>";
		};
		A9BF0C872A63F353008F584C /* LessonScreen */ = {
			isa = PBXGroup;
			children = (
				A9C7985C2A49CECF0080CB73 /* LessonsScreen.swift */,
				A9AD81852A63173100E845F4 /* LessonsViewModel.swift */,
				A9BF0C882A63F363008F584C /* Components */,
			);
			path = LessonScreen;
			sourceTree = "<group>";
		};
		A9BF0C882A63F363008F584C /* Components */ = {
			isa = PBXGroup;
			children = (
				A9AD81732A62DE2D00E845F4 /* LessonsListView.swift */,
				A9BF0C892A63F380008F584C /* ImagePlaceholder.swift */,
			);
			path = Components;
			sourceTree = "<group>";
		};
		A9BF0C8B2A64DF58008F584C /* LessonDetailsScreen  */ = {
			isa = PBXGroup;
			children = (
				A9BF0C8C2A64DF75008F584C /* LessonDetailsViewController.swift */,
				A9BF0C8E2A64E341008F584C /* LessonDetailsViewControllerRepresentable.swift */,
			);
			path = "LessonDetailsScreen ";
			sourceTree = "<group>";
		};
		A9C7984E2A49CECF0080CB73 = {
			isa = PBXGroup;
			children = (
				A9C798592A49CECF0080CB73 /* IphonePhotography */,
				A9C7986A2A49CED10080CB73 /* IphonePhotographyTests */,
				A9C798742A49CED10080CB73 /* IphonePhotographyUITests */,
				A9C798582A49CECF0080CB73 /* Products */,
				72EFFC8E7EAAFBF35BA5DCE1 /* Pods */,
				C468C3A1875EF0B1FE741546 /* Frameworks */,
			);
			sourceTree = "<group>";
		};
		A9C798582A49CECF0080CB73 /* Products */ = {
			isa = PBXGroup;
			children = (
				A9C798572A49CECF0080CB73 /* IphonePhotography.app */,
				A9C798672A49CED10080CB73 /* IphonePhotographyTests.xctest */,
				A9C798712A49CED10080CB73 /* IphonePhotographyUITests.xctest */,
			);
			name = Products;
			sourceTree = "<group>";
		};
		A9C798592A49CECF0080CB73 /* IphonePhotography */ = {
			isa = PBXGroup;
			children = (
				A9E193F02A8928AF0062EBEC /* Utils */,
				A9AD81812A6316D800E845F4 /* States */,
				A9AD817E2A63113200E845F4 /* Service */,
				A9AD817B2A63103000E845F4 /* Error */,
				A9AD81782A630EB900E845F4 /* EndPoint */,
				A9AD81752A630E7900E845F4 /* Models */,
				A9AD81722A62DD6400E845F4 /* Screens */,
				A9C7985A2A49CECF0080CB73 /* App.swift */,
				A9C7985E2A49CED10080CB73 /* Assets.xcassets */,
				A9C798602A49CED10080CB73 /* Preview Content */,
			);
			path = IphonePhotography;
			sourceTree = "<group>";
		};
		A9C798602A49CED10080CB73 /* Preview Content */ = {
			isa = PBXGroup;
			children = (
				A9C798612A49CED10080CB73 /* Preview Assets.xcassets */,
			);
			path = "Preview Content";
			sourceTree = "<group>";
		};
		A9C7986A2A49CED10080CB73 /* IphonePhotographyTests */ = {
			isa = PBXGroup;
			children = (
				A9C7986B2A49CED10080CB73 /* IphonePhotographyTests.swift */,
			);
			path = IphonePhotographyTests;
			sourceTree = "<group>";
		};
		A9C798742A49CED10080CB73 /* IphonePhotographyUITests */ = {
			isa = PBXGroup;
			children = (
				A9C798752A49CED10080CB73 /* IphonePhotographyUITests.swift */,
				A9C798772A49CED10080CB73 /* IphonePhotographyUITestsLaunchTests.swift */,
			);
			path = IphonePhotographyUITests;
			sourceTree = "<group>";
		};
		A9E193F02A8928AF0062EBEC /* Utils */ = {
			isa = PBXGroup;
			children = (
				A96B1F282A6E2A5600514D5B /* Download.swift */,
				A9E193F52A8931B00062EBEC /* PrimaryColor.swift */,
				A9E193F72A8931E10062EBEC /* FontSize.swift */,
				A9E193F92A89336A0062EBEC /* CornerRadius.swift */,
				A9074A602A90B35B0068749E /* AppSizes.swift */,
				A9074A622A90B4650068749E /* AppPadding.swift */,
				A9074A642A90B5730068749E /* CornerRadius+Extension.swift */,
			);
			path = Utils;
			sourceTree = "<group>";
		};
		C468C3A1875EF0B1FE741546 /* Frameworks */ = {
			isa = PBXGroup;
			children = (
				13A576792E9DD776B28AABF5 /* Pods_IphonePhotography.framework */,
				850C8B20C265681BE375C7D7 /* Pods_IphonePhotography_IphonePhotographyUITests.framework */,
				88CB3B93DC1F05F7D252D727 /* Pods_IphonePhotographyTests.framework */,
			);
			name = Frameworks;
			sourceTree = "<group>";
		};
/* End PBXGroup section */

/* Begin PBXNativeTarget section */
		A9C798562A49CECF0080CB73 /* IphonePhotography */ = {
			isa = PBXNativeTarget;
			buildConfigurationList = A9C7987B2A49CED10080CB73 /* Build configuration list for PBXNativeTarget "IphonePhotography" */;
			buildPhases = (
				AAF68B3A43D150C1149C3A85 /* [CP] Check Pods Manifest.lock */,
				A9C798532A49CECF0080CB73 /* Sources */,
				A9C798542A49CECF0080CB73 /* Frameworks */,
				A9C798552A49CECF0080CB73 /* Resources */,
				CC29B10570176B0D755D1566 /* [CP] Embed Pods Frameworks */,
			);
			buildRules = (
			);
			dependencies = (
			);
			name = IphonePhotography;
			productName = IphonePhotography;
			productReference = A9C798572A49CECF0080CB73 /* IphonePhotography.app */;
			productType = "com.apple.product-type.application";
		};
		A9C798662A49CED10080CB73 /* IphonePhotographyTests */ = {
			isa = PBXNativeTarget;
			buildConfigurationList = A9C7987E2A49CED10080CB73 /* Build configuration list for PBXNativeTarget "IphonePhotographyTests" */;
			buildPhases = (
				E522F25697D4B3988397C2BA /* [CP] Check Pods Manifest.lock */,
				A9C798632A49CED10080CB73 /* Sources */,
				A9C798642A49CED10080CB73 /* Frameworks */,
				A9C798652A49CED10080CB73 /* Resources */,
			);
			buildRules = (
			);
			dependencies = (
				A9C798692A49CED10080CB73 /* PBXTargetDependency */,
			);
			name = IphonePhotographyTests;
			productName = IphonePhotographyTests;
			productReference = A9C798672A49CED10080CB73 /* IphonePhotographyTests.xctest */;
			productType = "com.apple.product-type.bundle.unit-test";
		};
		A9C798702A49CED10080CB73 /* IphonePhotographyUITests */ = {
			isa = PBXNativeTarget;
			buildConfigurationList = A9C798812A49CED10080CB73 /* Build configuration list for PBXNativeTarget "IphonePhotographyUITests" */;
			buildPhases = (
				52268E0E1C23D4D1A2A4CC74 /* [CP] Check Pods Manifest.lock */,
				A9C7986D2A49CED10080CB73 /* Sources */,
				A9C7986E2A49CED10080CB73 /* Frameworks */,
				A9C7986F2A49CED10080CB73 /* Resources */,
				9A174175125C1568C5D1426B /* [CP] Embed Pods Frameworks */,
			);
			buildRules = (
			);
			dependencies = (
				A9C798732A49CED10080CB73 /* PBXTargetDependency */,
			);
			name = IphonePhotographyUITests;
			productName = IphonePhotographyUITests;
			productReference = A9C798712A49CED10080CB73 /* IphonePhotographyUITests.xctest */;
			productType = "com.apple.product-type.bundle.ui-testing";
		};
/* End PBXNativeTarget section */

/* Begin PBXProject section */
		A9C7984F2A49CECF0080CB73 /* Project object */ = {
			isa = PBXProject;
			attributes = {
				BuildIndependentTargetsInParallel = 1;
				LastSwiftUpdateCheck = 1420;
				LastUpgradeCheck = 1420;
				TargetAttributes = {
					A9C798562A49CECF0080CB73 = {
						CreatedOnToolsVersion = 14.2;
					};
					A9C798662A49CED10080CB73 = {
						CreatedOnToolsVersion = 14.2;
						TestTargetID = A9C798562A49CECF0080CB73;
					};
					A9C798702A49CED10080CB73 = {
						CreatedOnToolsVersion = 14.2;
						TestTargetID = A9C798562A49CECF0080CB73;
					};
				};
			};
			buildConfigurationList = A9C798522A49CECF0080CB73 /* Build configuration list for PBXProject "IphonePhotography" */;
			compatibilityVersion = "Xcode 14.0";
			developmentRegion = en;
			hasScannedForEncodings = 0;
			knownRegions = (
				en,
				Base,
			);
			mainGroup = A9C7984E2A49CECF0080CB73;
			productRefGroup = A9C798582A49CECF0080CB73 /* Products */;
			projectDirPath = "";
			projectRoot = "";
			targets = (
				A9C798562A49CECF0080CB73 /* IphonePhotography */,
				A9C798662A49CED10080CB73 /* IphonePhotographyTests */,
				A9C798702A49CED10080CB73 /* IphonePhotographyUITests */,
			);
		};
/* End PBXProject section */

/* Begin PBXResourcesBuildPhase section */
		A9C798552A49CECF0080CB73 /* Resources */ = {
			isa = PBXResourcesBuildPhase;
			buildActionMask = 2147483647;
			files = (
				A9C798622A49CED10080CB73 /* Preview Assets.xcassets in Resources */,
				A9C7985F2A49CED10080CB73 /* Assets.xcassets in Resources */,
			);
			runOnlyForDeploymentPostprocessing = 0;
		};
		A9C798652A49CED10080CB73 /* Resources */ = {
			isa = PBXResourcesBuildPhase;
			buildActionMask = 2147483647;
			files = (
			);
			runOnlyForDeploymentPostprocessing = 0;
		};
		A9C7986F2A49CED10080CB73 /* Resources */ = {
			isa = PBXResourcesBuildPhase;
			buildActionMask = 2147483647;
			files = (
			);
			runOnlyForDeploymentPostprocessing = 0;
		};
/* End PBXResourcesBuildPhase section */

/* Begin PBXShellScriptBuildPhase section */
		52268E0E1C23D4D1A2A4CC74 /* [CP] Check Pods Manifest.lock */ = {
			isa = PBXShellScriptBuildPhase;
			buildActionMask = 2147483647;
			files = (
			);
			inputFileListPaths = (
			);
			inputPaths = (
				"${PODS_PODFILE_DIR_PATH}/Podfile.lock",
				"${PODS_ROOT}/Manifest.lock",
			);
			name = "[CP] Check Pods Manifest.lock";
			outputFileListPaths = (
			);
			outputPaths = (
				"$(DERIVED_FILE_DIR)/Pods-IphonePhotography-IphonePhotographyUITests-checkManifestLockResult.txt",
			);
			runOnlyForDeploymentPostprocessing = 0;
			shellPath = /bin/sh;
			shellScript = "diff \"${PODS_PODFILE_DIR_PATH}/Podfile.lock\" \"${PODS_ROOT}/Manifest.lock\" > /dev/null\nif [ $? != 0 ] ; then\n    # print error to STDERR\n    echo \"error: The sandbox is not in sync with the Podfile.lock. Run 'pod install' or update your CocoaPods installation.\" >&2\n    exit 1\nfi\n# This output is used by Xcode 'outputs' to avoid re-running this script phase.\necho \"SUCCESS\" > \"${SCRIPT_OUTPUT_FILE_0}\"\n";
			showEnvVarsInLog = 0;
		};
		9A174175125C1568C5D1426B /* [CP] Embed Pods Frameworks */ = {
			isa = PBXShellScriptBuildPhase;
			buildActionMask = 2147483647;
			files = (
			);
			inputFileListPaths = (
				"${PODS_ROOT}/Target Support Files/Pods-IphonePhotography-IphonePhotographyUITests/Pods-IphonePhotography-IphonePhotographyUITests-frameworks-${CONFIGURATION}-input-files.xcfilelist",
			);
			name = "[CP] Embed Pods Frameworks";
			outputFileListPaths = (
				"${PODS_ROOT}/Target Support Files/Pods-IphonePhotography-IphonePhotographyUITests/Pods-IphonePhotography-IphonePhotographyUITests-frameworks-${CONFIGURATION}-output-files.xcfilelist",
			);
			runOnlyForDeploymentPostprocessing = 0;
			shellPath = /bin/sh;
			shellScript = "\"${PODS_ROOT}/Target Support Files/Pods-IphonePhotography-IphonePhotographyUITests/Pods-IphonePhotography-IphonePhotographyUITests-frameworks.sh\"\n";
			showEnvVarsInLog = 0;
		};
		AAF68B3A43D150C1149C3A85 /* [CP] Check Pods Manifest.lock */ = {
			isa = PBXShellScriptBuildPhase;
			buildActionMask = 2147483647;
			files = (
			);
			inputFileListPaths = (
			);
			inputPaths = (
				"${PODS_PODFILE_DIR_PATH}/Podfile.lock",
				"${PODS_ROOT}/Manifest.lock",
			);
			name = "[CP] Check Pods Manifest.lock";
			outputFileListPaths = (
			);
			outputPaths = (
				"$(DERIVED_FILE_DIR)/Pods-IphonePhotography-checkManifestLockResult.txt",
			);
			runOnlyForDeploymentPostprocessing = 0;
			shellPath = /bin/sh;
			shellScript = "diff \"${PODS_PODFILE_DIR_PATH}/Podfile.lock\" \"${PODS_ROOT}/Manifest.lock\" > /dev/null\nif [ $? != 0 ] ; then\n    # print error to STDERR\n    echo \"error: The sandbox is not in sync with the Podfile.lock. Run 'pod install' or update your CocoaPods installation.\" >&2\n    exit 1\nfi\n# This output is used by Xcode 'outputs' to avoid re-running this script phase.\necho \"SUCCESS\" > \"${SCRIPT_OUTPUT_FILE_0}\"\n";
			showEnvVarsInLog = 0;
		};
		CC29B10570176B0D755D1566 /* [CP] Embed Pods Frameworks */ = {
			isa = PBXShellScriptBuildPhase;
			buildActionMask = 2147483647;
			files = (
			);
			inputFileListPaths = (
				"${PODS_ROOT}/Target Support Files/Pods-IphonePhotography/Pods-IphonePhotography-frameworks-${CONFIGURATION}-input-files.xcfilelist",
			);
			name = "[CP] Embed Pods Frameworks";
			outputFileListPaths = (
				"${PODS_ROOT}/Target Support Files/Pods-IphonePhotography/Pods-IphonePhotography-frameworks-${CONFIGURATION}-output-files.xcfilelist",
			);
			runOnlyForDeploymentPostprocessing = 0;
			shellPath = /bin/sh;
			shellScript = "\"${PODS_ROOT}/Target Support Files/Pods-IphonePhotography/Pods-IphonePhotography-frameworks.sh\"\n";
			showEnvVarsInLog = 0;
		};
		E522F25697D4B3988397C2BA /* [CP] Check Pods Manifest.lock */ = {
			isa = PBXShellScriptBuildPhase;
			buildActionMask = 2147483647;
			files = (
			);
			inputFileListPaths = (
			);
			inputPaths = (
				"${PODS_PODFILE_DIR_PATH}/Podfile.lock",
				"${PODS_ROOT}/Manifest.lock",
			);
			name = "[CP] Check Pods Manifest.lock";
			outputFileListPaths = (
			);
			outputPaths = (
				"$(DERIVED_FILE_DIR)/Pods-IphonePhotographyTests-checkManifestLockResult.txt",
			);
			runOnlyForDeploymentPostprocessing = 0;
			shellPath = /bin/sh;
			shellScript = "diff \"${PODS_PODFILE_DIR_PATH}/Podfile.lock\" \"${PODS_ROOT}/Manifest.lock\" > /dev/null\nif [ $? != 0 ] ; then\n    # print error to STDERR\n    echo \"error: The sandbox is not in sync with the Podfile.lock. Run 'pod install' or update your CocoaPods installation.\" >&2\n    exit 1\nfi\n# This output is used by Xcode 'outputs' to avoid re-running this script phase.\necho \"SUCCESS\" > \"${SCRIPT_OUTPUT_FILE_0}\"\n";
			showEnvVarsInLog = 0;
		};
/* End PBXShellScriptBuildPhase section */

/* Begin PBXSourcesBuildPhase section */
		A9C798532A49CECF0080CB73 /* Sources */ = {
			isa = PBXSourcesBuildPhase;
			buildActionMask = 2147483647;
			files = (
				A9AD81742A62DE2D00E845F4 /* LessonsListView.swift in Sources */,
				A9E193F82A8931E10062EBEC /* FontSize.swift in Sources */,
				A9E193F22A892F640062EBEC /* RedBottomSheet.swift in Sources */,
				A9B390F42A66381600DA8B23 /* Toolbar.swift in Sources */,
				A9AD81802A63113E00E845F4 /* LessonsService.swift in Sources */,
				A9BF0C8F2A64E341008F584C /* LessonDetailsViewControllerRepresentable.swift in Sources */,
				A9074A5B2A90B25D0068749E /* BottomSheet.swift in Sources */,
				A9074A5F2A90B3030068749E /* DisableSwipeBackView.swift in Sources */,
				A9AD81772A630E9700E845F4 /* LessonsModel.swift in Sources */,
				A96B1F292A6E2A5600514D5B /* Download.swift in Sources */,
				A9BF0C8D2A64DF75008F584C /* LessonDetailsViewController.swift in Sources */,
				A9074A632A90B4650068749E /* AppPadding.swift in Sources */,
				A9C7985D2A49CECF0080CB73 /* LessonsScreen.swift in Sources */,
				A9AD81832A6316E300E845F4 /* ResultState.swift in Sources */,
				A9074A612A90B35B0068749E /* AppSizes.swift in Sources */,
				A9AD817A2A630ECA00E845F4 /* LessonsEndpoint.swift in Sources */,
				A9074A5D2A90B2B10068749E /* CustomBottomSheet.swift in Sources */,
				A9C7985B2A49CECF0080CB73 /* App.swift in Sources */,
				A9BF0C8A2A63F380008F584C /* ImagePlaceholder.swift in Sources */,
				A9AD81862A63173100E845F4 /* LessonsViewModel.swift in Sources */,
				A9074A652A90B5730068749E /* CornerRadius+Extension.swift in Sources */,
				A9E193F42A8931490062EBEC /* PrimaryButton.swift in Sources */,
				A9E193F62A8931B00062EBEC /* PrimaryColor.swift in Sources */,
				A9AD817D2A63103B00E845F4 /* APIError.swift in Sources */,
				A9E193FA2A89336A0062EBEC /* CornerRadius.swift in Sources */,
			);
			runOnlyForDeploymentPostprocessing = 0;
		};
		A9C798632A49CED10080CB73 /* Sources */ = {
			isa = PBXSourcesBuildPhase;
			buildActionMask = 2147483647;
			files = (
				A9C7986C2A49CED10080CB73 /* IphonePhotographyTests.swift in Sources */,
			);
			runOnlyForDeploymentPostprocessing = 0;
		};
		A9C7986D2A49CED10080CB73 /* Sources */ = {
			isa = PBXSourcesBuildPhase;
			buildActionMask = 2147483647;
			files = (
				A9C798762A49CED10080CB73 /* IphonePhotographyUITests.swift in Sources */,
				A9C798782A49CED10080CB73 /* IphonePhotographyUITestsLaunchTests.swift in Sources */,
			);
			runOnlyForDeploymentPostprocessing = 0;
		};
/* End PBXSourcesBuildPhase section */

/* Begin PBXTargetDependency section */
		A9C798692A49CED10080CB73 /* PBXTargetDependency */ = {
			isa = PBXTargetDependency;
			target = A9C798562A49CECF0080CB73 /* IphonePhotography */;
			targetProxy = A9C798682A49CED10080CB73 /* PBXContainerItemProxy */;
		};
		A9C798732A49CED10080CB73 /* PBXTargetDependency */ = {
			isa = PBXTargetDependency;
			target = A9C798562A49CECF0080CB73 /* IphonePhotography */;
			targetProxy = A9C798722A49CED10080CB73 /* PBXContainerItemProxy */;
		};
/* End PBXTargetDependency section */

/* Begin XCBuildConfiguration section */
		A9C798792A49CED10080CB73 /* Debug */ = {
			isa = XCBuildConfiguration;
			buildSettings = {
				ALWAYS_SEARCH_USER_PATHS = NO;
				CLANG_ANALYZER_NONNULL = YES;
				CLANG_ANALYZER_NUMBER_OBJECT_CONVERSION = YES_AGGRESSIVE;
				CLANG_CXX_LANGUAGE_STANDARD = "gnu++20";
				CLANG_ENABLE_MODULES = YES;
				CLANG_ENABLE_OBJC_ARC = YES;
				CLANG_ENABLE_OBJC_WEAK = YES;
				CLANG_WARN_BLOCK_CAPTURE_AUTORELEASING = YES;
				CLANG_WARN_BOOL_CONVERSION = YES;
				CLANG_WARN_COMMA = YES;
				CLANG_WARN_CONSTANT_CONVERSION = YES;
				CLANG_WARN_DEPRECATED_OBJC_IMPLEMENTATIONS = YES;
				CLANG_WARN_DIRECT_OBJC_ISA_USAGE = YES_ERROR;
				CLANG_WARN_DOCUMENTATION_COMMENTS = YES;
				CLANG_WARN_EMPTY_BODY = YES;
				CLANG_WARN_ENUM_CONVERSION = YES;
				CLANG_WARN_INFINITE_RECURSION = YES;
				CLANG_WARN_INT_CONVERSION = YES;
				CLANG_WARN_NON_LITERAL_NULL_CONVERSION = YES;
				CLANG_WARN_OBJC_IMPLICIT_RETAIN_SELF = YES;
				CLANG_WARN_OBJC_LITERAL_CONVERSION = YES;
				CLANG_WARN_OBJC_ROOT_CLASS = YES_ERROR;
				CLANG_WARN_QUOTED_INCLUDE_IN_FRAMEWORK_HEADER = YES;
				CLANG_WARN_RANGE_LOOP_ANALYSIS = YES;
				CLANG_WARN_STRICT_PROTOTYPES = YES;
				CLANG_WARN_SUSPICIOUS_MOVE = YES;
				CLANG_WARN_UNGUARDED_AVAILABILITY = YES_AGGRESSIVE;
				CLANG_WARN_UNREACHABLE_CODE = YES;
				CLANG_WARN__DUPLICATE_METHOD_MATCH = YES;
				COPY_PHASE_STRIP = NO;
				DEBUG_INFORMATION_FORMAT = dwarf;
				ENABLE_STRICT_OBJC_MSGSEND = YES;
				ENABLE_TESTABILITY = YES;
				GCC_C_LANGUAGE_STANDARD = gnu11;
				GCC_DYNAMIC_NO_PIC = NO;
				GCC_NO_COMMON_BLOCKS = YES;
				GCC_OPTIMIZATION_LEVEL = 0;
				GCC_PREPROCESSOR_DEFINITIONS = (
					"DEBUG=1",
					"$(inherited)",
				);
				GCC_WARN_64_TO_32_BIT_CONVERSION = YES;
				GCC_WARN_ABOUT_RETURN_TYPE = YES_ERROR;
				GCC_WARN_UNDECLARED_SELECTOR = YES;
				GCC_WARN_UNINITIALIZED_AUTOS = YES_AGGRESSIVE;
				GCC_WARN_UNUSED_FUNCTION = YES;
				GCC_WARN_UNUSED_VARIABLE = YES;
				IPHONEOS_DEPLOYMENT_TARGET = 16.2;
				MTL_ENABLE_DEBUG_INFO = INCLUDE_SOURCE;
				MTL_FAST_MATH = YES;
				ONLY_ACTIVE_ARCH = YES;
				SDKROOT = iphoneos;
				SWIFT_ACTIVE_COMPILATION_CONDITIONS = DEBUG;
				SWIFT_OPTIMIZATION_LEVEL = "-Onone";
			};
			name = Debug;
		};
		A9C7987A2A49CED10080CB73 /* Release */ = {
			isa = XCBuildConfiguration;
			buildSettings = {
				ALWAYS_SEARCH_USER_PATHS = NO;
				CLANG_ANALYZER_NONNULL = YES;
				CLANG_ANALYZER_NUMBER_OBJECT_CONVERSION = YES_AGGRESSIVE;
				CLANG_CXX_LANGUAGE_STANDARD = "gnu++20";
				CLANG_ENABLE_MODULES = YES;
				CLANG_ENABLE_OBJC_ARC = YES;
				CLANG_ENABLE_OBJC_WEAK = YES;
				CLANG_WARN_BLOCK_CAPTURE_AUTORELEASING = YES;
				CLANG_WARN_BOOL_CONVERSION = YES;
				CLANG_WARN_COMMA = YES;
				CLANG_WARN_CONSTANT_CONVERSION = YES;
				CLANG_WARN_DEPRECATED_OBJC_IMPLEMENTATIONS = YES;
				CLANG_WARN_DIRECT_OBJC_ISA_USAGE = YES_ERROR;
				CLANG_WARN_DOCUMENTATION_COMMENTS = YES;
				CLANG_WARN_EMPTY_BODY = YES;
				CLANG_WARN_ENUM_CONVERSION = YES;
				CLANG_WARN_INFINITE_RECURSION = YES;
				CLANG_WARN_INT_CONVERSION = YES;
				CLANG_WARN_NON_LITERAL_NULL_CONVERSION = YES;
				CLANG_WARN_OBJC_IMPLICIT_RETAIN_SELF = YES;
				CLANG_WARN_OBJC_LITERAL_CONVERSION = YES;
				CLANG_WARN_OBJC_ROOT_CLASS = YES_ERROR;
				CLANG_WARN_QUOTED_INCLUDE_IN_FRAMEWORK_HEADER = YES;
				CLANG_WARN_RANGE_LOOP_ANALYSIS = YES;
				CLANG_WARN_STRICT_PROTOTYPES = YES;
				CLANG_WARN_SUSPICIOUS_MOVE = YES;
				CLANG_WARN_UNGUARDED_AVAILABILITY = YES_AGGRESSIVE;
				CLANG_WARN_UNREACHABLE_CODE = YES;
				CLANG_WARN__DUPLICATE_METHOD_MATCH = YES;
				COPY_PHASE_STRIP = NO;
				DEBUG_INFORMATION_FORMAT = "dwarf-with-dsym";
				ENABLE_NS_ASSERTIONS = NO;
				ENABLE_STRICT_OBJC_MSGSEND = YES;
				GCC_C_LANGUAGE_STANDARD = gnu11;
				GCC_NO_COMMON_BLOCKS = YES;
				GCC_WARN_64_TO_32_BIT_CONVERSION = YES;
				GCC_WARN_ABOUT_RETURN_TYPE = YES_ERROR;
				GCC_WARN_UNDECLARED_SELECTOR = YES;
				GCC_WARN_UNINITIALIZED_AUTOS = YES_AGGRESSIVE;
				GCC_WARN_UNUSED_FUNCTION = YES;
				GCC_WARN_UNUSED_VARIABLE = YES;
				IPHONEOS_DEPLOYMENT_TARGET = 16.2;
				MTL_ENABLE_DEBUG_INFO = NO;
				MTL_FAST_MATH = YES;
				SDKROOT = iphoneos;
				SWIFT_COMPILATION_MODE = wholemodule;
				SWIFT_OPTIMIZATION_LEVEL = "-O";
				VALIDATE_PRODUCT = YES;
			};
			name = Release;
		};
		A9C7987C2A49CED10080CB73 /* Debug */ = {
			isa = XCBuildConfiguration;
			baseConfigurationReference = A9EDAE8E19F595F8FD52E658 /* Pods-IphonePhotography.debug.xcconfig */;
			buildSettings = {
				ASSETCATALOG_COMPILER_APPICON_NAME = AppIcon;
				ASSETCATALOG_COMPILER_GLOBAL_ACCENT_COLOR_NAME = AccentColor;
				CODE_SIGN_STYLE = Automatic;
				CURRENT_PROJECT_VERSION = 1;
				DEVELOPMENT_ASSET_PATHS = "\"IphonePhotography/Preview Content\"";
				DEVELOPMENT_TEAM = R4YVF8268F;
				ENABLE_PREVIEWS = YES;
				GENERATE_INFOPLIST_FILE = YES;
				INFOPLIST_KEY_UIApplicationSceneManifest_Generation = YES;
				INFOPLIST_KEY_UIApplicationSupportsIndirectInputEvents = YES;
				INFOPLIST_KEY_UILaunchScreen_Generation = YES;
				INFOPLIST_KEY_UISupportedInterfaceOrientations_iPad = "UIInterfaceOrientationPortrait UIInterfaceOrientationPortraitUpsideDown UIInterfaceOrientationLandscapeLeft UIInterfaceOrientationLandscapeRight";
				INFOPLIST_KEY_UISupportedInterfaceOrientations_iPhone = "UIInterfaceOrientationPortrait UIInterfaceOrientationLandscapeLeft UIInterfaceOrientationLandscapeRight";
				IPHONEOS_DEPLOYMENT_TARGET = 15.0;
				LD_RUNPATH_SEARCH_PATHS = (
					"$(inherited)",
					"@executable_path/Frameworks",
				);
				MARKETING_VERSION = 1.0;
				PRODUCT_BUNDLE_IDENTIFIER = kg.bakai.dev.IphonePhotography;
				PRODUCT_NAME = "$(TARGET_NAME)";
				SWIFT_EMIT_LOC_STRINGS = YES;
				SWIFT_VERSION = 5.0;
				TARGETED_DEVICE_FAMILY = "1,2";
			};
			name = Debug;
		};
		A9C7987D2A49CED10080CB73 /* Release */ = {
			isa = XCBuildConfiguration;
			baseConfigurationReference = C93033EDE32564E7C52A598B /* Pods-IphonePhotography.release.xcconfig */;
			buildSettings = {
				ASSETCATALOG_COMPILER_APPICON_NAME = AppIcon;
				ASSETCATALOG_COMPILER_GLOBAL_ACCENT_COLOR_NAME = AccentColor;
				CODE_SIGN_STYLE = Automatic;
				CURRENT_PROJECT_VERSION = 1;
				DEVELOPMENT_ASSET_PATHS = "\"IphonePhotography/Preview Content\"";
				DEVELOPMENT_TEAM = R4YVF8268F;
				ENABLE_PREVIEWS = YES;
				GENERATE_INFOPLIST_FILE = YES;
				INFOPLIST_KEY_UIApplicationSceneManifest_Generation = YES;
				INFOPLIST_KEY_UIApplicationSupportsIndirectInputEvents = YES;
				INFOPLIST_KEY_UILaunchScreen_Generation = YES;
				INFOPLIST_KEY_UISupportedInterfaceOrientations_iPad = "UIInterfaceOrientationPortrait UIInterfaceOrientationPortraitUpsideDown UIInterfaceOrientationLandscapeLeft UIInterfaceOrientationLandscapeRight";
				INFOPLIST_KEY_UISupportedInterfaceOrientations_iPhone = "UIInterfaceOrientationPortrait UIInterfaceOrientationLandscapeLeft UIInterfaceOrientationLandscapeRight";
				IPHONEOS_DEPLOYMENT_TARGET = 15.0;
				LD_RUNPATH_SEARCH_PATHS = (
					"$(inherited)",
					"@executable_path/Frameworks",
				);
				MARKETING_VERSION = 1.0;
				PRODUCT_BUNDLE_IDENTIFIER = kg.bakai.dev.IphonePhotography;
				PRODUCT_NAME = "$(TARGET_NAME)";
				SWIFT_EMIT_LOC_STRINGS = YES;
				SWIFT_VERSION = 5.0;
				TARGETED_DEVICE_FAMILY = "1,2";
			};
			name = Release;
		};
		A9C7987F2A49CED10080CB73 /* Debug */ = {
			isa = XCBuildConfiguration;
			baseConfigurationReference = 59985F22BAC7E9F9D57DA684 /* Pods-IphonePhotographyTests.debug.xcconfig */;
			buildSettings = {
				ALWAYS_EMBED_SWIFT_STANDARD_LIBRARIES = YES;
				BUNDLE_LOADER = "$(TEST_HOST)";
				CODE_SIGN_STYLE = Automatic;
				CURRENT_PROJECT_VERSION = 1;
				DEVELOPMENT_TEAM = R4YVF8268F;
				GENERATE_INFOPLIST_FILE = YES;
				IPHONEOS_DEPLOYMENT_TARGET = 16.2;
				MARKETING_VERSION = 1.0;
				PRODUCT_BUNDLE_IDENTIFIER = kg.bakai.dev.IphonePhotographyTests;
				PRODUCT_NAME = "$(TARGET_NAME)";
				SWIFT_EMIT_LOC_STRINGS = NO;
				SWIFT_VERSION = 5.0;
				TARGETED_DEVICE_FAMILY = "1,2";
				TEST_HOST = "$(BUILT_PRODUCTS_DIR)/IphonePhotography.app/$(BUNDLE_EXECUTABLE_FOLDER_PATH)/IphonePhotography";
			};
			name = Debug;
		};
		A9C798802A49CED10080CB73 /* Release */ = {
			isa = XCBuildConfiguration;
			baseConfigurationReference = 1A0BD2C35939ED2A2AD33992 /* Pods-IphonePhotographyTests.release.xcconfig */;
			buildSettings = {
				ALWAYS_EMBED_SWIFT_STANDARD_LIBRARIES = YES;
				BUNDLE_LOADER = "$(TEST_HOST)";
				CODE_SIGN_STYLE = Automatic;
				CURRENT_PROJECT_VERSION = 1;
				DEVELOPMENT_TEAM = R4YVF8268F;
				GENERATE_INFOPLIST_FILE = YES;
				IPHONEOS_DEPLOYMENT_TARGET = 16.2;
				MARKETING_VERSION = 1.0;
				PRODUCT_BUNDLE_IDENTIFIER = kg.bakai.dev.IphonePhotographyTests;
				PRODUCT_NAME = "$(TARGET_NAME)";
				SWIFT_EMIT_LOC_STRINGS = NO;
				SWIFT_VERSION = 5.0;
				TARGETED_DEVICE_FAMILY = "1,2";
				TEST_HOST = "$(BUILT_PRODUCTS_DIR)/IphonePhotography.app/$(BUNDLE_EXECUTABLE_FOLDER_PATH)/IphonePhotography";
			};
			name = Release;
		};
		A9C798822A49CED10080CB73 /* Debug */ = {
			isa = XCBuildConfiguration;
			baseConfigurationReference = 751A42C5B22F8E0E2AF3CF8D /* Pods-IphonePhotography-IphonePhotographyUITests.debug.xcconfig */;
			buildSettings = {
				ALWAYS_EMBED_SWIFT_STANDARD_LIBRARIES = YES;
				CODE_SIGN_STYLE = Automatic;
				CURRENT_PROJECT_VERSION = 1;
				DEVELOPMENT_TEAM = R4YVF8268F;
				GENERATE_INFOPLIST_FILE = YES;
				MARKETING_VERSION = 1.0;
				PRODUCT_BUNDLE_IDENTIFIER = kg.bakai.dev.IphonePhotographyUITests;
				PRODUCT_NAME = "$(TARGET_NAME)";
				SWIFT_EMIT_LOC_STRINGS = NO;
				SWIFT_VERSION = 5.0;
				TARGETED_DEVICE_FAMILY = "1,2";
				TEST_TARGET_NAME = IphonePhotography;
			};
			name = Debug;
		};
		A9C798832A49CED10080CB73 /* Release */ = {
			isa = XCBuildConfiguration;
			baseConfigurationReference = 2F4E9B5E29DE0CD40EC3B89B /* Pods-IphonePhotography-IphonePhotographyUITests.release.xcconfig */;
			buildSettings = {
				ALWAYS_EMBED_SWIFT_STANDARD_LIBRARIES = YES;
				CODE_SIGN_STYLE = Automatic;
				CURRENT_PROJECT_VERSION = 1;
				DEVELOPMENT_TEAM = R4YVF8268F;
				GENERATE_INFOPLIST_FILE = YES;
				MARKETING_VERSION = 1.0;
				PRODUCT_BUNDLE_IDENTIFIER = kg.bakai.dev.IphonePhotographyUITests;
				PRODUCT_NAME = "$(TARGET_NAME)";
				SWIFT_EMIT_LOC_STRINGS = NO;
				SWIFT_VERSION = 5.0;
				TARGETED_DEVICE_FAMILY = "1,2";
				TEST_TARGET_NAME = IphonePhotography;
			};
			name = Release;
		};
/* End XCBuildConfiguration section */

/* Begin XCConfigurationList section */
		A9C798522A49CECF0080CB73 /* Build configuration list for PBXProject "IphonePhotography" */ = {
			isa = XCConfigurationList;
			buildConfigurations = (
				A9C798792A49CED10080CB73 /* Debug */,
				A9C7987A2A49CED10080CB73 /* Release */,
			);
			defaultConfigurationIsVisible = 0;
			defaultConfigurationName = Release;
		};
		A9C7987B2A49CED10080CB73 /* Build configuration list for PBXNativeTarget "IphonePhotography" */ = {
			isa = XCConfigurationList;
			buildConfigurations = (
				A9C7987C2A49CED10080CB73 /* Debug */,
				A9C7987D2A49CED10080CB73 /* Release */,
			);
			defaultConfigurationIsVisible = 0;
			defaultConfigurationName = Release;
		};
		A9C7987E2A49CED10080CB73 /* Build configuration list for PBXNativeTarget "IphonePhotographyTests" */ = {
			isa = XCConfigurationList;
			buildConfigurations = (
				A9C7987F2A49CED10080CB73 /* Debug */,
				A9C798802A49CED10080CB73 /* Release */,
			);
			defaultConfigurationIsVisible = 0;
			defaultConfigurationName = Release;
		};
		A9C798812A49CED10080CB73 /* Build configuration list for PBXNativeTarget "IphonePhotographyUITests" */ = {
			isa = XCConfigurationList;
			buildConfigurations = (
				A9C798822A49CED10080CB73 /* Debug */,
				A9C798832A49CED10080CB73 /* Release */,
			);
			defaultConfigurationIsVisible = 0;
			defaultConfigurationName = Release;
		};
/* End XCConfigurationList section */
	};
	rootObject = A9C7984F2A49CECF0080CB73 /* Project object */;
}
